{
  "lockfileVersion": 1,
  "workspaces": {
    "": {
      "name": "develogger",
      "dependencies": {
        "@hono/zod-validator": "^0.7.2",
        "@libsql/client": "^0.15.10",
        "hono": "^4.8.5",
        "zod": "^4.0.5",
      },
      "devDependencies": {
        "@types/bun": "latest",
      },
    },
  },
  "packages": {
    "@hono/zod-validator": ["@hono/zod-validator@0.7.2", "", { "peerDependencies": { "hono": ">=3.9.0", "zod": "^3.25.0 || ^4.0.0" } }, "sha512-ub5eL/NeZ4eLZawu78JpW/J+dugDAYhwqUIdp9KYScI6PZECij4Hx4UsrthlEUutqDDhPwRI0MscUfNkvn/mqQ=="],

    "@libsql/client": ["@libsql/client@0.15.10", "", { "dependencies": { "@libsql/core": "^0.15.10", "@libsql/hrana-client": "^0.7.0", "js-base64": "^3.7.5", "libsql": "^0.5.15", "promise-limit": "^2.7.0" } }, "sha512-J9cJQwrgH92JlPBYjUGxPIH5G9z3j/V/aPnQvcmmCgjatdVb/f7bzK3yNq15Phc+gVuKMwox3toXL+58qUMylg=="],

    "@libsql/core": ["@libsql/core@0.15.10", "", { "dependencies": { "js-base64": "^3.7.5" } }, "sha512-fAMD+GnGQNdZ9zxeNC8AiExpKnou/97GJWkiDDZbTRHj3c9dvF1y4jsRQ0WE72m/CqTdbMGyU98yL0SJ9hQVeg=="],

    "@libsql/darwin-arm64": ["@libsql/darwin-arm64@0.5.15", "", { "os": "darwin", "cpu": "arm64" }, "sha512-BD4c4WHUu988PmJCtF1WNKoSmY4nAg4T6ZRaigt6fKY2qlS/+9uSB8LSqIIq3WwqxQm9SuJijMGMKDoH6dEFdA=="],

    "@libsql/darwin-x64": ["@libsql/darwin-x64@0.5.15", "", { "os": "darwin", "cpu": "x64" }, "sha512-mw5rRffZQIU0RqmP3KS6HsV+ZuThfX3fxlAbytSmWe1PPrDZgSm1BWmWt0OmYC656TGgAGqTsFnEkV5Dmzv3Jw=="],

    "@libsql/hrana-client": ["@libsql/hrana-client@0.7.0", "", { "dependencies": { "@libsql/isomorphic-fetch": "^0.3.1", "@libsql/isomorphic-ws": "^0.1.5", "js-base64": "^3.7.5", "node-fetch": "^3.3.2" } }, "sha512-OF8fFQSkbL7vJY9rfuegK1R7sPgQ6kFMkDamiEccNUvieQ+3urzfDFI616oPl8V7T9zRmnTkSjMOImYCAVRVuw=="],

    "@libsql/isomorphic-fetch": ["@libsql/isomorphic-fetch@0.3.1", "", {}, "sha512-6kK3SUK5Uu56zPq/Las620n5aS9xJq+jMBcNSOmjhNf/MUvdyji4vrMTqD7ptY7/4/CAVEAYDeotUz60LNQHtw=="],

    "@libsql/isomorphic-ws": ["@libsql/isomorphic-ws@0.1.5", "", { "dependencies": { "@types/ws": "^8.5.4", "ws": "^8.13.0" } }, "sha512-DtLWIH29onUYR00i0GlQ3UdcTRC6EP4u9w/h9LxpUZJWRMARk6dQwZ6Jkd+QdwVpuAOrdxt18v0K2uIYR3fwFg=="],

    "@libsql/linux-arm-gnueabihf": ["@libsql/linux-arm-gnueabihf@0.5.15", "", { "os": "linux", "cpu": "arm" }, "sha512-FPIh8ppymZqV+y8AUNtzzIXGwRH3LEpsFtvp7fuQU+OWOn0INjB7MdlCqyCSyHPFipC5i7Eg9BhSAyRhrvCptQ=="],

    "@libsql/linux-arm-musleabihf": ["@libsql/linux-arm-musleabihf@0.5.15", "", { "os": "linux", "cpu": "arm" }, "sha512-mPiQ/Vah0cIZ2vMtrbEmQQywIdLCaZJsnWIM5OvBDlRj1QrEsfdHCNH0D0Z+e1+TJIap8+oQZrCmPiBQNHEXlQ=="],

    "@libsql/linux-arm64-gnu": ["@libsql/linux-arm64-gnu@0.5.15", "", { "os": "linux", "cpu": "arm64" }, "sha512-ckyquyUTjCrZlYJw8ijG2XwU3y9xvUtz3kjN4Y1XJxz8dbmH6kYZS+L8RYmOk5E6fe+2CuMZ9XBF8YqOTSJr2w=="],

    "@libsql/linux-arm64-musl": ["@libsql/linux-arm64-musl@0.5.15", "", { "os": "linux", "cpu": "arm64" }, "sha512-P0NWPCogDNig489dOCuQQOSOYS+040yo5nDtPERtsee9mgHL9Qc7QZdmJ/2F8UHumyhW4ETnA9I2dB6CQxUwPA=="],

    "@libsql/linux-x64-gnu": ["@libsql/linux-x64-gnu@0.5.15", "", { "os": "linux", "cpu": "x64" }, "sha512-4/IFOhqwdm8Un3Y14GJNZKgFyRf8ejmrN+tSu5XBGAtDOv2AM3xBrGO5UCd8DUTyUVUI6G6dGEIFwzE8NCXsfg=="],

    "@libsql/linux-x64-musl": ["@libsql/linux-x64-musl@0.5.15", "", { "os": "linux", "cpu": "x64" }, "sha512-f0Fm7I55ruVtUuGX0Sq8VfcD/MuD8Rag/v8bDlBa5L3cVbjD069SsRy8Nq3Sw9smctC4Zsul7APf09mGLlu/tQ=="],

    "@libsql/win32-x64-msvc": ["@libsql/win32-x64-msvc@0.5.15", "", { "os": "win32", "cpu": "x64" }, "sha512-uAmRXE2tZV+9gg51m54NEvjfP9AKuoZeQLmzTnBylsHxy4VZviWCBz1i4tHSyk75rVOefmfWapBJ5ZdLegmpGg=="],

    "@neon-rs/load": ["@neon-rs/load@0.0.4", "", {}, "sha512-kTPhdZyTQxB+2wpiRcFWrDcejc4JI6tkPuS7UZCG4l6Zvc5kU/gGQ/ozvHTh1XR5tS+UlfAfGuPajjzQjCiHCw=="],

    "@types/bun": ["@types/bun@1.2.19", "", { "dependencies": { "bun-types": "1.2.19" } }, "sha512-d9ZCmrH3CJ2uYKXQIUuZ/pUnTqIvLDS0SK7pFmbx8ma+ziH/FRMoAq5bYpRG7y+w1gl+HgyNZbtqgMq4W4e2Lg=="],

    "@types/node": ["@types/node@24.0.15", "", { "dependencies": { "undici-types": "~7.8.0" } }, "sha512-oaeTSbCef7U/z7rDeJA138xpG3NuKc64/rZ2qmUFkFJmnMsAPaluIifqyWd8hSSMxyP9oie3dLAqYPblag9KgA=="],

    "@types/react": ["@types/react@19.1.8", "", { "dependencies": { "csstype": "^3.0.2" } }, "sha512-AwAfQ2Wa5bCx9WP8nZL2uMZWod7J7/JSplxbTmBQ5ms6QpqNYm672H0Vu9ZVKVngQ+ii4R/byguVEUZQyeg44g=="],

    "@types/ws": ["@types/ws@8.18.1", "", { "dependencies": { "@types/node": "*" } }, "sha512-ThVF6DCVhA8kUGy+aazFQ4kXQ7E1Ty7A3ypFOe0IcJV8O/M511G99AW24irKrW56Wt44yG9+ij8FaqoBGkuBXg=="],

    "bun-types": ["bun-types@1.2.19", "", { "dependencies": { "@types/node": "*" }, "peerDependencies": { "@types/react": "^19" } }, "sha512-uAOTaZSPuYsWIXRpj7o56Let0g/wjihKCkeRqUBhlLVM/Bt+Fj9xTo+LhC1OV1XDaGkz4hNC80et5xgy+9KTHQ=="],

    "csstype": ["csstype@3.1.3", "", {}, "sha512-M1uQkMl8rQK/szD0LNhtqxIPLpimGm8sOBwU7lLnCpSbTyY3yeU1Vc7l4KT5zT4s/yOxHH5O7tIuuLOCnLADRw=="],

    "data-uri-to-buffer": ["data-uri-to-buffer@4.0.1", "", {}, "sha512-0R9ikRb668HB7QDxT1vkpuUBtqc53YyAwMwGeUFKRojY/NWKvdZ+9UYtRfGmhqNbRkTSVpMbmyhXipFFv2cb/A=="],

    "detect-libc": ["detect-libc@2.0.2", "", {}, "sha512-UX6sGumvvqSaXgdKGUsgZWqcUyIXZ/vZTrlRT/iobiKhGL0zL4d3osHj3uqllWJK+i+sixDS/3COVEOFbupFyw=="],

    "fetch-blob": ["fetch-blob@3.2.0", "", { "dependencies": { "node-domexception": "^1.0.0", "web-streams-polyfill": "^3.0.3" } }, "sha512-7yAQpD2UMJzLi1Dqv7qFYnPbaPx7ZfFK6PiIxQ4PfkGPyNyl2Ugx+a/umUonmKqjhM4DnfbMvdX6otXq83soQQ=="],

    "formdata-polyfill": ["formdata-polyfill@4.0.10", "", { "dependencies": { "fetch-blob": "^3.1.2" } }, "sha512-buewHzMvYL29jdeQTVILecSaZKnt/RJWjoZCF5OW60Z67/GmSLBkOFM7qh1PI3zFNtJbaZL5eQu1vLfazOwj4g=="],

    "hono": ["hono@4.8.5", "", {}, "sha512-Up2cQbtNz1s111qpnnECdTGqSIUIhZJMLikdKkshebQSEBcoUKq6XJayLGqSZWidiH0zfHRCJqFu062Mz5UuRA=="],

    "js-base64": ["js-base64@3.7.7", "", {}, "sha512-7rCnleh0z2CkXhH67J8K1Ytz0b2Y+yxTPL+/KOJoa20hfnVQ/3/T6W/KflYI4bRHRagNeXeU2bkNGI3v1oS/lw=="],

    "libsql": ["libsql@0.5.15", "", { "dependencies": { "@neon-rs/load": "^0.0.4", "detect-libc": "2.0.2" }, "optionalDependencies": { "@libsql/darwin-arm64": "0.5.15", "@libsql/darwin-x64": "0.5.15", "@libsql/linux-arm-gnueabihf": "0.5.15", "@libsql/linux-arm-musleabihf": "0.5.15", "@libsql/linux-arm64-gnu": "0.5.15", "@libsql/linux-arm64-musl": "0.5.15", "@libsql/linux-x64-gnu": "0.5.15", "@libsql/linux-x64-musl": "0.5.15", "@libsql/win32-x64-msvc": "0.5.15" }, "os": [ "linux", "win32", "darwin", ], "cpu": [ "arm", "x64", "arm64", ] }, "sha512-N1ZhjpTadoxDW8UNssgJyZz+cAX/gi9OxOFHapH8AY6p7Qk/6umTC5UwQ+6bPnACDcxqbzhRlbLO+Mk60owFRA=="],

    "node-domexception": ["node-domexception@1.0.0", "", {}, "sha512-/jKZoMpw0F8GRwl4/eLROPA3cfcXtLApP0QzLmUT/HuPCZWyB7IY9ZrMeKw2O/nFIqPQB3PVM9aYm0F312AXDQ=="],

    "node-fetch": ["node-fetch@3.3.2", "", { "dependencies": { "data-uri-to-buffer": "^4.0.0", "fetch-blob": "^3.1.4", "formdata-polyfill": "^4.0.10" } }, "sha512-dRB78srN/l6gqWulah9SrxeYnxeddIG30+GOqK/9OlLVyLg3HPnr6SqOWTWOXKRwC2eGYCkZ59NNuSgvSrpgOA=="],

    "promise-limit": ["promise-limit@2.7.0", "", {}, "sha512-7nJ6v5lnJsXwGprnGXga4wx6d1POjvi5Qmf1ivTRxTjH4Z/9Czja/UCMLVmB9N93GeWOU93XaFaEt6jbuoagNw=="],

    "undici-types": ["undici-types@7.8.0", "", {}, "sha512-9UJ2xGDvQ43tYyVMpuHlsgApydB8ZKfVYTsLDhXkFL/6gfkp+U8xTGdh8pMJv1SpZna0zxG1DwsKZsreLbXBxw=="],

    "web-streams-polyfill": ["web-streams-polyfill@3.3.3", "", {}, "sha512-d2JWLCivmZYTSIoge9MsgFCZrt571BikcWGYkjC1khllbTeDlGqZ2D8vD8E/lJa8WGWbb7Plm8/XJYV7IJHZZw=="],

    "ws": ["ws@8.18.3", "", { "peerDependencies": { "bufferutil": "^4.0.1", "utf-8-validate": ">=5.0.2" }, "optionalPeers": ["bufferutil", "utf-8-validate"] }, "sha512-PEIGCY5tSlUt50cqyMXfCzX+oOPqN0vuGqWzbcJ2xvnkzkq46oOpz7dQaTDBdfICb4N14+GARUDw2XV2N4tvzg=="],

    "zod": ["zod@4.0.5", "", {}, "sha512-/5UuuRPStvHXu7RS+gmvRf4NXrNxpSllGwDnCBcJZtQsKrviYXm54yDGV2KYNLT5kq0lHGcl7lqWJLgSaG+tgA=="],
  }
}
